-----BEGIN RSA PRIVATE KEY-----
Proc-Type: 4,ENCRYPTED
DEK-Info: DES-EDE3-CBC,F3CA2D26F3EC910C

O9/h0TBCRIb7Po9rDlFgWG2MrJt1qF/6CpdI7isrVh++ccT9+aBM1KoPgZvLv/kS
IJSzKyYOjbvkEbIGlJmtp95X48GL8uLSjbWW4XP7tQVPPgWetiBB2XmzWZnKVWch
6vtvYYy1qQeDgunAoYF9A61VBDhECfdJXMKWOVx24n6chQTnbTt97HntRr4tVmX8
1yaiVyCbNUVFIvuv+nrogc1U6ipI+Yyj5p75squY093AdHHn9jBEUsaoVm+h0TXe
KzKwk1VF16PnX1h42gexNw0ZRM2ug5uYkvkSe0QOpnHMe+u8zxms09eSmPCfkbz0
XH32xbRMLY0nmWBniT9VmOJB0/+a8L0h023KSPi3cBrra3EqSxNFuL1RyDO8/C1h
98sVCx+c148bbAuzn/BlOSQjJs+LyQvBs5qMpbwjjXbrHfHjP9UkJ05tcLc+dX11
A1bfZNESpjBM7iuTTf4wXvrLMWMwuhq8exzTfpeeKwBudwWH81xPZ0dc93HALH82
azp70+xuYRyAEhX6wID3hWdqdu+2ZwHKSQDWGI8Q+VvTNBYEngqvHn6BnMgebI3U
VgCsV4JgPc1vFzNkvVFfG/hfFRDfvAvYBo2qxYQfSg5Hi4OPhHmlFtiYiOnOJzrD
VObuA9YTls7PPvnTYgDoLGZrcniPRThv1wP5FEcgsytINv9zSrd+v8xe2UquvLPS
/8ivRqWKm49fBxuLs/QiCe3gtg7FUs7LlLS8qn1E3xq/7mm+NmlHOYAHE874mFYC
fB/QpKT54sQ6lc9KwI4nNujBiN5llNtv+NLm5g7BpyOiGKtdlCZ/vg==
-----END RSA PRIVATE KEY-----
